// !$*UTF8*$!
{
	archiveVersion = 1;
	classes = {
	};
	objectVersion = 46;
	objects = {

/* Begin PBXBuildFile section */
		51464E301C05FC6D009D7A92 /* main.m in Sources */ = {isa = PBXBuildFile; fileRef = 51464E2F1C05FC6D009D7A92 /* main.m */; };
		51464E331C05FC6D009D7A92 /* AppDelegate.m in Sources */ = {isa = PBXBuildFile; fileRef = 51464E321C05FC6D009D7A92 /* AppDelegate.m */; };
		51464E361C05FC6D009D7A92 /* ViewController.m in Sources */ = {isa = PBXBuildFile; fileRef = 51464E351C05FC6D009D7A92 /* ViewController.m */; };
		51464E391C05FC6D009D7A92 /* Main.storyboard in Resources */ = {isa = PBXBuildFile; fileRef = 51464E371C05FC6D009D7A92 /* Main.storyboard */; };
		51464E3B1C05FC6D009D7A92 /* Assets.xcassets in Resources */ = {isa = PBXBuildFile; fileRef = 51464E3A1C05FC6D009D7A92 /* Assets.xcassets */; };
		51464E3E1C05FC6D009D7A92 /* LaunchScreen.storyboard in Resources */ = {isa = PBXBuildFile; fileRef = 51464E3C1C05FC6D009D7A92 /* LaunchScreen.storyboard */; };
		51464E481C05FC84009D7A92 /* APTagPickerViewController.m in Sources */ = {isa = PBXBuildFile; fileRef = 51464E461C05FC84009D7A92 /* APTagPickerViewController.m */; };
		51464E491C05FC84009D7A92 /* APTagPickerViewController.xib in Resources */ = {isa = PBXBuildFile; fileRef = 51464E471C05FC84009D7A92 /* APTagPickerViewController.xib */; };
		51464E4D1C05FCDB009D7A92 /* APTagPickerCollectionViewCell.m in Sources */ = {isa = PBXBuildFile; fileRef = 51464E4B1C05FCDB009D7A92 /* APTagPickerCollectionViewCell.m */; };
		51464E4E1C05FCDB009D7A92 /* APTagPickerCollectionViewCell.xib in Resources */ = {isa = PBXBuildFile; fileRef = 51464E4C1C05FCDB009D7A92 /* APTagPickerCollectionViewCell.xib */; };
		51464E511C060D39009D7A92 /* KTCenterFlowLayout.m in Sources */ = {isa = PBXBuildFile; fileRef = 51464E501C060D39009D7A92 /* KTCenterFlowLayout.m */; };
/* End PBXBuildFile section */

/* Begin PBXFileReference section */
		51464E2B1C05FC6D009D7A92 /* APTagPicker.app */ = {isa = PBXFileReference; explicitFileType = wrapper.application; includeInIndex = 0; path = APTagPicker.app; sourceTree = BUILT_PRODUCTS_DIR; };
		51464E2F1C05FC6D009D7A92 /* main.m */ = {isa = PBXFileReference; lastKnownFileType = sourcecode.c.objc; path = main.m; sourceTree = "<group>"; };
		51464E311C05FC6D009D7A92 /* AppDelegate.h */ = {isa = PBXFileReference; lastKnownFileType = sourcecode.c.h; path = AppDelegate.h; sourceTree = "<group>"; };
		51464E321C05FC6D009D7A92 /* AppDelegate.m */ = {isa = PBXFileReference; lastKnownFileType = sourcecode.c.objc; path = AppDelegate.m; sourceTree = "<group>"; };
		51464E341C05FC6D009D7A92 /* ViewController.h */ = {isa = PBXFileReference; lastKnownFileType = sourcecode.c.h; path = ViewController.h; sourceTree = "<group>"; };
		51464E351C05FC6D009D7A92 /* ViewController.m */ = {isa = PBXFileReference; lastKnownFileType = sourcecode.c.objc; path = ViewController.m; sourceTree = "<group>"; };
		51464E381C05FC6D009D7A92 /* Base */ = {isa = PBXFileReference; lastKnownFileType = file.storyboard; name = Base; path = Base.lproj/Main.storyboard; sourceTree = "<group>"; };
		51464E3A1C05FC6D009D7A92 /* Assets.xcassets */ = {isa = PBXFileReference; lastKnownFileType = folder.assetcatalog; path = Assets.xcassets; sourceTree = "<group>"; };
		51464E3D1C05FC6D009D7A92 /* Base */ = {isa = PBXFileReference; lastKnownFileType = file.storyboard; name = Base; path = Base.lproj/LaunchScreen.storyboard; sourceTree = "<group>"; };
		51464E3F1C05FC6D009D7A92 /* Info.plist */ = {isa = PBXFileReference; lastKnownFileType = text.plist.xml; path = Info.plist; sourceTree = "<group>"; };
		51464E451C05FC84009D7A92 /* APTagPickerViewController.h */ = {isa = PBXFileReference; fileEncoding = 4; lastKnownFileType = sourcecode.c.h; path = APTagPickerViewController.h; sourceTree = "<group>"; };
		51464E461C05FC84009D7A92 /* APTagPickerViewController.m */ = {isa = PBXFileReference; fileEncoding = 4; lastKnownFileType = sourcecode.c.objc; path = APTagPickerViewController.m; sourceTree = "<group>"; };
		51464E471C05FC84009D7A92 /* APTagPickerViewController.xib */ = {isa = PBXFileReference; fileEncoding = 4; lastKnownFileType = file.xib; path = APTagPickerViewController.xib; sourceTree = "<group>"; };
		51464E4A1C05FCDB009D7A92 /* APTagPickerCollectionViewCell.h */ = {isa = PBXFileReference; fileEncoding = 4; lastKnownFileType = sourcecode.c.h; path = APTagPickerCollectionViewCell.h; sourceTree = "<group>"; };
		51464E4B1C05FCDB009D7A92 /* APTagPickerCollectionViewCell.m */ = {isa = PBXFileReference; fileEncoding = 4; lastKnownFileType = sourcecode.c.objc; path = APTagPickerCollectionViewCell.m; sourceTree = "<group>"; };
		51464E4C1C05FCDB009D7A92 /* APTagPickerCollectionViewCell.xib */ = {isa = PBXFileReference; fileEncoding = 4; lastKnownFileType = file.xib; path = APTagPickerCollectionViewCell.xib; sourceTree = "<group>"; };
		51464E4F1C060D39009D7A92 /* KTCenterFlowLayout.h */ = {isa = PBXFileReference; fileEncoding = 4; lastKnownFileType = sourcecode.c.h; path = KTCenterFlowLayout.h; sourceTree = "<group>"; };
		51464E501C060D39009D7A92 /* KTCenterFlowLayout.m */ = {isa = PBXFileReference; fileEncoding = 4; lastKnownFileType = sourcecode.c.objc; path = KTCenterFlowLayout.m; sourceTree = "<group>"; };
/* End PBXFileReference section */

/* Begin PBXFrameworksBuildPhase section */
		51464E281C05FC6D009D7A92 /* Frameworks */ = {
			isa = PBXFrameworksBuildPhase;
			buildActionMask = 2147483647;
			files = (
			);
			runOnlyForDeploymentPostprocessing = 0;
		};
/* End PBXFrameworksBuildPhase section */

/* Begin PBXGroup section */
		51464E221C05FC6D009D7A92 = {
			isa = PBXGroup;
			children = (
				51464E2D1C05FC6D009D7A92 /* APTagPicker */,
				51464E2C1C05FC6D009D7A92 /* Products */,
			);
			sourceTree = "<group>";
		};
		51464E2C1C05FC6D009D7A92 /* Products */ = {
			isa = PBXGroup;
			children = (
				51464E2B1C05FC6D009D7A92 /* APTagPicker.app */,
			);
			name = Products;
			sourceTree = "<group>";
		};
		51464E2D1C05FC6D009D7A92 /* APTagPicker */ = {
			isa = PBXGroup;
			children = (
				51464E311C05FC6D009D7A92 /* AppDelegate.h */,
				51464E321C05FC6D009D7A92 /* AppDelegate.m */,
				51464E341C05FC6D009D7A92 /* ViewController.h */,
				51464E351C05FC6D009D7A92 /* ViewController.m */,
				51464E371C05FC6D009D7A92 /* Main.storyboard */,
				51464E4F1C060D39009D7A92 /* KTCenterFlowLayout.h */,
				51464E501C060D39009D7A92 /* KTCenterFlowLayout.m */,
				51464E451C05FC84009D7A92 /* APTagPickerViewController.h */,
				51464E461C05FC84009D7A92 /* APTagPickerViewController.m */,
				51464E471C05FC84009D7A92 /* APTagPickerViewController.xib */,
				51464E4A1C05FCDB009D7A92 /* APTagPickerCollectionViewCell.h */,
				51464E4B1C05FCDB009D7A92 /* APTagPickerCollectionViewCell.m */,
				51464E4C1C05FCDB009D7A92 /* APTagPickerCollectionViewCell.xib */,
				51464E3A1C05FC6D009D7A92 /* Assets.xcassets */,
				51464E3C1C05FC6D009D7A92 /* LaunchScreen.storyboard */,
				51464E3F1C05FC6D009D7A92 /* Info.plist */,
				51464E2E1C05FC6D009D7A92 /* Supporting Files */,
			);
			path = APTagPicker;
			sourceTree = "<group>";
		};
		51464E2E1C05FC6D009D7A92 /* Supporting Files */ = {
			isa = PBXGroup;
			children = (
				51464E2F1C05FC6D009D7A92 /* main.m */,
			);
			name = "Supporting Files";
			sourceTree = "<group>";
		};
/* End PBXGroup section */

/* Begin PBXNativeTarget section */
		51464E2A1C05FC6D009D7A92 /* APTagPicker */ = {
			isa = PBXNativeTarget;
			buildConfigurationList = 51464E421C05FC6D009D7A92 /* Build configuration list for PBXNativeTarget "APTagPicker" */;
			buildPhases = (
				51464E271C05FC6D009D7A92 /* Sources */,
				51464E281C05FC6D009D7A92 /* Frameworks */,
				51464E291C05FC6D009D7A92 /* Resources */,
			);
			buildRules = (
			);
			dependencies = (
			);
			name = APTagPicker;
			productName = APTagPicker;
			productReference = 51464E2B1C05FC6D009D7A92 /* APTagPicker.app */;
			productType = "com.apple.product-type.application";
		};
/* End PBXNativeTarget section */

/* Begin PBXProject section */
		51464E231C05FC6D009D7A92 /* Project object */ = {
			isa = PBXProject;
			attributes = {
				LastUpgradeCheck = 0710;
				ORGANIZATIONNAME = "Alfredo Perez";
				TargetAttributes = {
					51464E2A1C05FC6D009D7A92 = {
						CreatedOnToolsVersion = 7.1;
					};
				};
			};
			buildConfigurationList = 51464E261C05FC6D009D7A92 /* Build configuration list for PBXProject "APTagPicker" */;
			compatibilityVersion = "Xcode 3.2";
			developmentRegion = English;
			hasScannedForEncodings = 0;
			knownRegions = (
				en,
				Base,
			);
			mainGroup = 51464E221C05FC6D009D7A92;
			productRefGroup = 51464E2C1C05FC6D009D7A92 /* Products */;
			projectDirPath = "";
			projectRoot = "";
			targets = (
				51464E2A1C05FC6D009D7A92 /* APTagPicker */,
			);
		};
/* End PBXProject section */

/* Begin PBXResourcesBuildPhase section */
		51464E291C05FC6D009D7A92 /* Resources */ = {
			isa = PBXResourcesBuildPhase;
			buildActionMask = 2147483647;
			files = (
				51464E491C05FC84009D7A92 /* APTagPickerViewController.xib in Resources */,
				51464E4E1C05FCDB009D7A92 /* APTagPickerCollectionViewCell.xib in Resources */,
				51464E3E1C05FC6D009D7A92 /* LaunchScreen.storyboard in Resources */,
				51464E3B1C05FC6D009D7A92 /* Assets.xcassets in Resources */,
				51464E391C05FC6D009D7A92 /* Main.storyboard in Resources */,
			);
			runOnlyForDeploymentPostprocessing = 0;
		};
/* End PBXResourcesBuildPhase section */

/* Begin PBXSourcesBuildPhase section */
		51464E271C05FC6D009D7A92 /* Sources */ = {
			isa = PBXSourcesBuildPhase;
			buildActionMask = 2147483647;
			files = (
				51464E481C05FC84009D7A92 /* APTagPickerViewController.m in Sources */,
				51464E361C05FC6D009D7A92 /* ViewController.m in Sources */,
				51464E4D1C05FCDB009D7A92 /* APTagPickerCollectionViewCell.m in Sources */,
				51464E331C05FC6D009D7A92 /* AppDelegate.m in Sources */,
				51464E301C05FC6D009D7A92 /* main.m in Sources */,
				51464E511C060D39009D7A92 /* KTCenterFlowLayout.m in Sources */,
			);
			runOnlyForDeploymentPostprocessing = 0;
		};
/* End PBXSourcesBuildPhase section */

/* Begin PBXVariantGroup section */
		51464E371C05FC6D009D7A92 /* Main.storyboard */ = {
			isa = PBXVariantGroup;
			children = (
				51464E381C05FC6D009D7A92 /* Base */,
			);
			name = Main.storyboard;
			sourceTree = "<group>";
		};
		51464E3C1C05FC6D009D7A92 /* LaunchScreen.storyboard */ = {
			isa = PBXVariantGroup;
			children = (
				51464E3D1C05FC6D009D7A92 /* Base */,
			);
			name = LaunchScreen.storyboard;
			sourceTree = "<group>";
		};
/* End PBXVariantGroup section */

/* Begin XCBuildConfiguration section */
		51464E401C05FC6D009D7A92 /* Debug */ = {
			isa = XCBuildConfiguration;
			buildSettings = {
				ALWAYS_SEARCH_USER_PATHS = NO;
				CLANG_CXX_LANGUAGE_STANDARD = "gnu++0x";
				CLANG_CXX_LIBRARY = "libc++";
				CLANG_ENABLE_MODULES = YES;
				CLANG_ENABLE_OBJC_ARC = YES;
				CLANG_WARN_BOOL_CONVERSION = YES;
				CLANG_WARN_CONSTANT_CONVERSION = YES;
				CLANG_WARN_DIRECT_OBJC_ISA_USAGE = YES_ERROR;
				CLANG_WARN_EMPTY_BODY = YES;
				CLANG_WARN_ENUM_CONVERSION = YES;
				CLANG_WARN_INT_CONVERSION = YES;
				CLANG_WARN_OBJC_ROOT_CLASS = YES_ERROR;
				CLANG_WARN_UNREACHABLE_CODE = YES;
				CLANG_WARN__DUPLICATE_METHOD_MATCH = YES;
				"CODE_SIGN_IDENTITY[sdk=iphoneos*]" = "iPhone Developer";
				COPY_PHASE_STRIP = NO;
				DEBUG_INFORMATION_FORMAT = dwarf;
				ENABLE_STRICT_OBJC_MSGSEND = YES;
				ENABLE_TESTABILITY = YES;
				GCC_C_LANGUAGE_STANDARD = gnu99;
				GCC_DYNAMIC_NO_PIC = NO;
				GCC_NO_COMMON_BLOCKS = YES;
				GCC_OPTIMIZATION_LEVEL = 0;
				GCC_PREPROCESSOR_DEFINITIONS = (
					"DEBUG=1",
					"$(inherited)",
				);
				GCC_WARN_64_TO_32_BIT_CONVERSION = YES;
				GCC_WARN_ABOUT_RETURN_TYPE = YES_ERROR;
				GCC_WARN_UNDECLARED_SELECTOR = YES;
				GCC_WARN_UNINITIALIZED_AUTOS = YES_AGGRESSIVE;
				GCC_WARN_UNUSED_FUNCTION = YES;
				GCC_WARN_UNUSED_VARIABLE = YES;
				IPHONEOS_DEPLOYMENT_TARGET = 9.1;
				MTL_ENABLE_DEBUG_INFO = YES;
				ONLY_ACTIVE_ARCH = YES;
				SDKROOT = iphoneos;
				TARGETED_DEVICE_FAMILY = "1,2";
			};
			name = Debug;
		};
		51464E411C05FC6D009D7A92 /* Release */ = {
			isa = XCBuildConfiguration;
			buildSettings = {
				ALWAYS_SEARCH_USER_PATHS = NO;
				CLANG_CXX_LANGUAGE_STANDARD = "gnu++0x";
				CLANG_CXX_LIBRARY = "libc++";
				CLANG_ENABLE_MODULES = YES;
				CLANG_ENABLE_OBJC_ARC = YES;
				CLANG_WARN_BOOL_CONVERSION = YES;
				CLANG_WARN_CONSTANT_CONVERSION = YES;
				CLANG_WARN_DIRECT_OBJC_ISA_USAGE = YES_ERROR;
				CLANG_WARN_EMPTY_BODY = YES;
				CLANG_WARN_ENUM_CONVERSION = YES;
				CLANG_WARN_INT_CONVERSION = YES;
				CLANG_WARN_OBJC_ROOT_CLASS = YES_ERROR;
				CLANG_WARN_UNREACHABLE_CODE = YES;
				CLANG_WARN__DUPLICATE_METHOD_MATCH = YES;
				"CODE_SIGN_IDENTITY[sdk=iphoneos*]" = "iPhone Developer";
				COPY_PHASE_STRIP = NO;
				DEBUG_INFORMATION_FORMAT = "dwarf-with-dsym";
				ENABLE_NS_ASSERTIONS = NO;
				ENABLE_STRICT_OBJC_MSGSEND = YES;
				GCC_C_LANGUAGE_STANDARD = gnu99;
				GCC_NO_COMMON_BLOCKS = YES;
				GCC_WARN_64_TO_32_BIT_CONVERSION = YES;
				GCC_WARN_ABOUT_RETURN_TYPE = YES_ERROR;
				GCC_WARN_UNDECLARED_SELECTOR = YES;
				GCC_WARN_UNINITIALIZED_AUTOS = YES_AGGRESSIVE;
				GCC_WARN_UNUSED_FUNCTION = YES;
				GCC_WARN_UNUSED_VARIABLE = YES;
				IPHONEOS_DEPLOYMENT_TARGET = 9.1;
				MTL_ENABLE_DEBUG_INFO = NO;
				SDKROOT = iphoneos;
				TARGETED_DEVICE_FAMILY = "1,2";
				VALIDATE_PRODUCT = YES;
			};
			name = Release;
		};
		51464E431C05FC6D009D7A92 /* Debug */ = {
			isa = XCBuildConfiguration;
			buildSettings = {
				ASSETCATALOG_COMPILER_APPICON_NAME = AppIcon;
				INFOPLIST_FILE = APTagPicker/Info.plist;
				LD_RUNPATH_SEARCH_PATHS = "$(inherited) @executable_path/Frameworks";
				PRODUCT_BUNDLE_IDENTIFIER = asd.APTagPicker;
				PRODUCT_NAME = "$(TARGET_NAME)";
			};
			name = Debug;
		};
		51464E441C05FC6D009D7A92 /* Release */ = {
			isa = XCBuildConfiguration;
			buildSettings = {
				ASSETCATALOG_COMPILER_APPICON_NAME = AppIcon;
				INFOPLIST_FILE = APTagPicker/Info.plist;
				LD_RUNPATH_SEARCH_PATHS = "$(inherited) @executable_path/Frameworks";
				PRODUCT_BUNDLE_IDENTIFIER = asd.APTagPicker;
				PRODUCT_NAME = "$(TARGET_NAME)";
			};
			name = Release;
		};
/* End XCBuildConfiguration section */

/* Begin XCConfigurationList section */
		51464E261C05FC6D009D7A92 /* Build configuration list for PBXProject "APTagPicker" */ = {
			isa = XCConfigurationList;
			buildConfigurations = (
				51464E401C05FC6D009D7A92 /* Debug */,
				51464E411C05FC6D009D7A92 /* Release */,
			);
			defaultConfigurationIsVisible = 0;
			defaultConfigurationName = Release;
		};
		51464E421C05FC6D009D7A92 /* Build configuration list for PBXNativeTarget "APTagPicker" */ = {
			isa = XCConfigurationList;
			buildConfigurations = (
				51464E431C05FC6D009D7A92 /* Debug */,
				51464E441C05FC6D009D7A92 /* Release */,
			);
			defaultConfigurationIsVisible = 0;
		};
/* End XCConfigurationList section */
	};
	rootObject = 51464E231C05FC6D009D7A92 /* Project object */;
}
